PODS:
  - WebEngage (5.2.11):
    - WebEngage/Xcode11 (= 5.2.11)
  - WebEngage/Xcode11 (5.2.11)
  - WebEngageAppEx/ContentExtension (1.0.0):
    - WebEngageAppEx/CoreApi
  - WebEngageAppEx/CoreApi (1.0.0)
  - WebEngageBannerPush (1.0.0)

DEPENDENCIES:
  - WebEngage (~> 5.2.6)
  - WebEngageAppEx/ContentExtension
  - WebEngageBannerPush

SPEC REPOS:
  https://github.com/CocoaPods/Specs.git:
    - WebEngage
    - WebEngageAppEx
    - WebEngageBannerPush

SPEC CHECKSUMS:
  WebEngage: 9f61e3bc96939d5840315bca7e4bb3c6c8c0586c
  WebEngageAppEx: 2d4666b06b2b64b7c8fbbfae84bf8edd1e520a28
  WebEngageBannerPush: 89f0d6db64e731e6b47dc18eb2187f43db7cf118

PODFILE CHECKSUM: 6034591d928570b8afa0b9be941dff98495f55fa

COCOAPODS: 1.11.3
